
Microsoft Visual Studio Solution File, Format Version 12.00
# Visual Studio 2012
Project("{FAE04EC0-301F-11D3-BF4B-00C04F79EFBC}") = "DealerOn.LogViewer", "DealerOn.LogViewer\DealerOn.LogViewer.csproj", "{11330CA1-C020-4D4C-A546-5D9713049970}"
EndProject
Project("{FAE04EC0-301F-11D3-BF4B-00C04F79EFBC}") = "DealerOn.Logging", "DealerOn.Logging\DealerOn.Logging.csproj", "{0D39EF39-0EB8-482D-9915-0FFD628229A5}"
EndProject
Global
	GlobalSection(SolutionConfigurationPlatforms) = preSolution
		Debug|Any CPU = Debug|Any CPU
		Release|Any CPU = Release|Any CPU
	EndGlobalSection
	GlobalSection(ProjectConfigurationPlatforms) = postSolution
		{11330CA1-C020-4D4C-A546-5D9713049970}.Debug|Any CPU.ActiveCfg = Debug|Any CPU
		{11330CA1-C020-4D4C-A546-5D9713049970}.Debug|Any CPU.Build.0 = Debug|Any CPU
		{11330CA1-C020-4D4C-A546-5D9713049970}.Release|Any CPU.ActiveCfg = Release|Any CPU
		{11330CA1-C020-4D4C-A546-5D9713049970}.Release|Any CPU.Build.0 = Release|Any CPU
		{0D39EF39-0EB8-482D-9915-0FFD628229A5}.Debug|Any CPU.ActiveCfg = Debug|Any CPU
		{0D39EF39-0EB8-482D-9915-0FFD628229A5}.Debug|Any CPU.Build.0 = Debug|Any CPU
		{0D39EF39-0EB8-482D-9915-0FFD628229A5}.Release|Any CPU.ActiveCfg = Release|Any CPU
		{0D39EF39-0EB8-482D-9915-0FFD628229A5}.Release|Any CPU.Build.0 = Release|Any CPU
	EndGlobalSection
	GlobalSection(SolutionProperties) = preSolution
		HideSolutionNode = FALSE
	EndGlobalSection
EndGlobal
